
Microsoft Visual Studio Solution File, Format Version 12.00
# Visual Studio Version 17
VisualStudioVersion = 17.1.32421.90
MinimumVisualStudioVersion = 10.0.40219.1
Project("{9A19103F-16F7-4668-BE54-9A1E7A4F7556}") = "CustomerManagementAPI", "CustomerManagementAPI\CustomerManagementAPI.csproj", "{FDC5E783-F658-46CB-B7E3-5DB8C7262943}"
EndProject
Project("{FAE04EC0-301F-11D3-BF4B-00C04F79EFBC}") = "CustomerManagementUI", "CustomerManagementUI\CustomerManagementUI.csproj", "{8B5BB9E0-C467-4EB0-85F2-7CB8748FC7C6}"
EndProject
Global
	GlobalSection(SolutionConfigurationPlatforms) = preSolution
		Debug|Any CPU = Debug|Any CPU
		Release|Any CPU = Release|Any CPU
	EndGlobalSection
	GlobalSection(ProjectConfigurationPlatforms) = postSolution
		{FDC5E783-F658-46CB-B7E3-5DB8C7262943}.Debug|Any CPU.ActiveCfg = Debug|Any CPU
		{FDC5E783-F658-46CB-B7E3-5DB8C7262943}.Debug|Any CPU.Build.0 = Debug|Any CPU
		{FDC5E783-F658-46CB-B7E3-5DB8C7262943}.Release|Any CPU.ActiveCfg = Release|Any CPU
		{FDC5E783-F658-46CB-B7E3-5DB8C7262943}.Release|Any CPU.Build.0 = Release|Any CPU
		{8B5BB9E0-C467-4EB0-85F2-7CB8748FC7C6}.Debug|Any CPU.ActiveCfg = Debug|Any CPU
		{8B5BB9E0-C467-4EB0-85F2-7CB8748FC7C6}.Debug|Any CPU.Build.0 = Debug|Any CPU
		{8B5BB9E0-C467-4EB0-85F2-7CB8748FC7C6}.Release|Any CPU.ActiveCfg = Release|Any CPU
		{8B5BB9E0-C467-4EB0-85F2-7CB8748FC7C6}.Release|Any CPU.Build.0 = Release|Any CPU
	EndGlobalSection
	GlobalSection(SolutionProperties) = preSolution
		HideSolutionNode = FALSE
	EndGlobalSection
	GlobalSection(ExtensibilityGlobals) = postSolution
		SolutionGuid = {24168305-882A-44F9-994E-E2E053832F0B}
	EndGlobalSection
EndGlobal
