
Microsoft Visual Studio Solution File, Format Version 12.00
# Visual Studio Version 17
VisualStudioVersion = 17.1.32421.90
MinimumVisualStudioVersion = 10.0.40219.1
Project("{FAE04EC0-301F-11D3-BF4B-00C04F79EFBC}") = "CustomerManagementUI", "CustomerManagementUI\CustomerManagementUI.csproj", "{B2633EF6-3EC0-41E0-8A5F-7FD4A09C92E6}"
EndProject
Project("{FAE04EC0-301F-11D3-BF4B-00C04F79EFBC}") = "CustomerManagementAPI", "CustomerManagementAPI\CustomerManagementAPI.csproj", "{FDC5E783-F658-46CB-B7E3-5DB8C7262943}"
EndProject
Global
	GlobalSection(SolutionConfigurationPlatforms) = preSolution
		Debug|Any CPU = Debug|Any CPU
		Release|Any CPU = Release|Any CPU
	EndGlobalSection
	GlobalSection(ProjectConfigurationPlatforms) = postSolution
		{B2633EF6-3EC0-41E0-8A5F-7FD4A09C92E6}.Debug|Any CPU.ActiveCfg = Debug|Any CPU
		{B2633EF6-3EC0-41E0-8A5F-7FD4A09C92E6}.Debug|Any CPU.Build.0 = Debug|Any CPU
		{B2633EF6-3EC0-41E0-8A5F-7FD4A09C92E6}.Release|Any CPU.ActiveCfg = Release|Any CPU
		{B2633EF6-3EC0-41E0-8A5F-7FD4A09C92E6}.Release|Any CPU.Build.0 = Release|Any CPU
		{FDC5E783-F658-46CB-B7E3-5DB8C7262943}.Debug|Any CPU.ActiveCfg = Debug|Any CPU
		{FDC5E783-F658-46CB-B7E3-5DB8C7262943}.Debug|Any CPU.Build.0 = Debug|Any CPU
		{FDC5E783-F658-46CB-B7E3-5DB8C7262943}.Release|Any CPU.ActiveCfg = Release|Any CPU
		{FDC5E783-F658-46CB-B7E3-5DB8C7262943}.Release|Any CPU.Build.0 = Release|Any CPU
	EndGlobalSection
	GlobalSection(SolutionProperties) = preSolution
		HideSolutionNode = FALSE
	EndGlobalSection
	GlobalSection(ExtensibilityGlobals) = postSolution
		SolutionGuid = {24168305-882A-44F9-994E-E2E053832F0B}
	EndGlobalSection
EndGlobal
